
Microsoft Visual Studio Solution File, Format Version 12.00
# Visual Studio Version 17
VisualStudioVersion = 17.14.36705.20 d17.14
MinimumVisualStudioVersion = 10.0.40219.1
Project("{FAE04EC0-301F-11D3-BF4B-00C04F79EFBC}") = "AirTicketMangementSystem", "AirTicketMangementSystem\AirTicketMangementSystem.csproj", "{E76A8D5D-F148-4A05-86A0-A1A5C08EB356}"
EndProject
Global
	GlobalSection(SolutionConfigurationPlatforms) = preSolution
		Debug|Any CPU = Debug|Any CPU
		Release|Any CPU = Release|Any CPU
	EndGlobalSection
	GlobalSection(ProjectConfigurationPlatforms) = postSolution
		{E76A8D5D-F148-4A05-86A0-A1A5C08EB356}.Debug|Any CPU.ActiveCfg = Debug|Any CPU
		{E76A8D5D-F148-4A05-86A0-A1A5C08EB356}.Debug|Any CPU.Build.0 = Debug|Any CPU
		{E76A8D5D-F148-4A05-86A0-A1A5C08EB356}.Release|Any CPU.ActiveCfg = Release|Any CPU
		{E76A8D5D-F148-4A05-86A0-A1A5C08EB356}.Release|Any CPU.Build.0 = Release|Any CPU
	EndGlobalSection
	GlobalSection(SolutionProperties) = preSolution
		HideSolutionNode = FALSE
	EndGlobalSection
	GlobalSection(ExtensibilityGlobals) = postSolution
		SolutionGuid = {C64267AE-7E15-4C5E-B997-507A2FF5729A}
	EndGlobalSection
EndGlobal
