
Microsoft Visual Studio Solution File, Format Version 12.00
# Visual Studio Version 17
VisualStudioVersion = 17.14.36616.10 d17.14
MinimumVisualStudioVersion = 10.0.40219.1
Project("{FAE04EC0-301F-11D3-BF4B-00C04F79EFBC}") = "AirTicketManagementSystem", "AirTicketManagementSystem.csproj", "{F52BC828-4D8D-4965-B11C-2E6158B1915C}"
EndProject
Global
	GlobalSection(SolutionConfigurationPlatforms) = preSolution
		Debug|Any CPU = Debug|Any CPU
		Release|Any CPU = Release|Any CPU
	EndGlobalSection
	GlobalSection(ProjectConfigurationPlatforms) = postSolution
		{F52BC828-4D8D-4965-B11C-2E6158B1915C}.Debug|Any CPU.ActiveCfg = Debug|Any CPU
		{F52BC828-4D8D-4965-B11C-2E6158B1915C}.Debug|Any CPU.Build.0 = Debug|Any CPU
		{F52BC828-4D8D-4965-B11C-2E6158B1915C}.Release|Any CPU.ActiveCfg = Release|Any CPU
		{F52BC828-4D8D-4965-B11C-2E6158B1915C}.Release|Any CPU.Build.0 = Release|Any CPU
	EndGlobalSection
	GlobalSection(SolutionProperties) = preSolution
		HideSolutionNode = FALSE
	EndGlobalSection
	GlobalSection(ExtensibilityGlobals) = postSolution
		SolutionGuid = {2E22921D-5393-4732-8F24-C479EC373C1C}
	EndGlobalSection
EndGlobal
